
Microsoft Visual Studio Solution File, Format Version 12.00
# Visual Studio Version 17
VisualStudioVersion = 17.0.31903.59
MinimumVisualStudioVersion = 10.0.40219.1
Project("{FAE04EC0-301F-11D3-BF4B-00C04F79EFBC}") = "WebAPICoreMandlebrot", "WebAPICoreMandlebrot\WebAPICoreMandlebrot.csproj", "{E26DF080-B6EF-4EE1-9ED5-99D8944A29DE}"
EndProject
Project("{FAE04EC0-301F-11D3-BF4B-00C04F79EFBC}") = "WebAPICoreMandlebrot.Contracts", "WebAPICoreMandlebrot.Contracts\WebAPICoreMandlebrot.Contracts.csproj", "{8C3D6F72-28BC-47E8-B4D6-EB006EA8D96B}"
EndProject
Project("{FAE04EC0-301F-11D3-BF4B-00C04F79EFBC}") = "WebAPICoreMandlebrot.Tests", "WebAPICoreMandlebrot.Tests\WebAPICoreMandlebrot.Tests.csproj", "{011C6877-662D-40FD-8CA8-1023E4FE3E05}"
EndProject
Global
	GlobalSection(SolutionConfigurationPlatforms) = preSolution
		Debug|Any CPU = Debug|Any CPU
		Release|Any CPU = Release|Any CPU
	EndGlobalSection
	GlobalSection(SolutionProperties) = preSolution
		HideSolutionNode = FALSE
	EndGlobalSection
	GlobalSection(ProjectConfigurationPlatforms) = postSolution
		{E26DF080-B6EF-4EE1-9ED5-99D8944A29DE}.Debug|Any CPU.ActiveCfg = Debug|Any CPU
		{E26DF080-B6EF-4EE1-9ED5-99D8944A29DE}.Debug|Any CPU.Build.0 = Debug|Any CPU
		{E26DF080-B6EF-4EE1-9ED5-99D8944A29DE}.Release|Any CPU.ActiveCfg = Release|Any CPU
		{E26DF080-B6EF-4EE1-9ED5-99D8944A29DE}.Release|Any CPU.Build.0 = Release|Any CPU
		{8C3D6F72-28BC-47E8-B4D6-EB006EA8D96B}.Debug|Any CPU.ActiveCfg = Debug|Any CPU
		{8C3D6F72-28BC-47E8-B4D6-EB006EA8D96B}.Debug|Any CPU.Build.0 = Debug|Any CPU
		{8C3D6F72-28BC-47E8-B4D6-EB006EA8D96B}.Release|Any CPU.ActiveCfg = Release|Any CPU
		{8C3D6F72-28BC-47E8-B4D6-EB006EA8D96B}.Release|Any CPU.Build.0 = Release|Any CPU
		{011C6877-662D-40FD-8CA8-1023E4FE3E05}.Debug|Any CPU.ActiveCfg = Debug|Any CPU
		{011C6877-662D-40FD-8CA8-1023E4FE3E05}.Debug|Any CPU.Build.0 = Debug|Any CPU
		{011C6877-662D-40FD-8CA8-1023E4FE3E05}.Release|Any CPU.ActiveCfg = Release|Any CPU
		{011C6877-662D-40FD-8CA8-1023E4FE3E05}.Release|Any CPU.Build.0 = Release|Any CPU
	EndGlobalSection
EndGlobal
